
Microsoft Visual Studio Solution File, Format Version 12.00
# Visual Studio Version 16
VisualStudioVersion = 16.0.29806.167
MinimumVisualStudioVersion = 10.0.40219.1
Project("{FAE04EC0-301F-11D3-BF4B-00C04F79EFBC}") = "VKAPI", "VKAPI\VKAPI.csproj", "{6248853F-8177-4BF7-B887-3D6C53191020}"
EndProject
Global
	GlobalSection(SolutionConfigurationPlatforms) = preSolution
		Debug|Any CPU = Debug|Any CPU
		Release|Any CPU = Release|Any CPU
	EndGlobalSection
	GlobalSection(ProjectConfigurationPlatforms) = postSolution
		{6248853F-8177-4BF7-B887-3D6C53191020}.Debug|Any CPU.ActiveCfg = Debug|Any CPU
		{6248853F-8177-4BF7-B887-3D6C53191020}.Debug|Any CPU.Build.0 = Debug|Any CPU
		{6248853F-8177-4BF7-B887-3D6C53191020}.Release|Any CPU.ActiveCfg = Release|Any CPU
		{6248853F-8177-4BF7-B887-3D6C53191020}.Release|Any CPU.Build.0 = Release|Any CPU
	EndGlobalSection
	GlobalSection(SolutionProperties) = preSolution
		HideSolutionNode = FALSE
	EndGlobalSection
	GlobalSection(ExtensibilityGlobals) = postSolution
		SolutionGuid = {B62015E5-5A4A-49EA-9C8F-F774465EE9D6}
	EndGlobalSection
EndGlobal
